<Solution>
  <Folder Name="/HotelApp/">
    <Project Path="HotelApp/HotelApp.API/HotelApp.API.csproj" />
    <Project Path="HotelApp/HotelApp.BLL/HotelApp.BLL.csproj" />
    <Project Path="HotelApp/HotelApp.DAL/HotelApp.DAL.csproj" />
  </Folder>
  <Project Path="HotelApp.Tests/HotelApp.Tests.csproj" />
</Solution>
